
Microsoft Visual Studio Solution File, Format Version 12.00
# Visual Studio Version 16
VisualStudioVersion = 16.0.31205.134
MinimumVisualStudioVersion = 10.0.40219.1
Project("{FAE04EC0-301F-11D3-BF4B-00C04F79EFBC}") = "StarCitizen-DevTool", "StarCitizen-DevTool.csproj", "{A666BE54-345B-4F0B-967E-D42530718426}"
EndProject
Global
	GlobalSection(SolutionConfigurationPlatforms) = preSolution
		Debug|Any CPU = Debug|Any CPU
		Debug|x64 = Debug|x64
		Release|Any CPU = Release|Any CPU
		Release|x64 = Release|x64
	EndGlobalSection
	GlobalSection(ProjectConfigurationPlatforms) = postSolution
		{A666BE54-345B-4F0B-967E-D42530718426}.Debug|Any CPU.ActiveCfg = Debug|Any CPU
		{A666BE54-345B-4F0B-967E-D42530718426}.Debug|Any CPU.Build.0 = Debug|Any CPU
		{A666BE54-345B-4F0B-967E-D42530718426}.Debug|x64.ActiveCfg = Debug|x64
		{A666BE54-345B-4F0B-967E-D42530718426}.Debug|x64.Build.0 = Debug|x64
		{A666BE54-345B-4F0B-967E-D42530718426}.Release|Any CPU.ActiveCfg = Release|Any CPU
		{A666BE54-345B-4F0B-967E-D42530718426}.Release|Any CPU.Build.0 = Release|Any CPU
		{A666BE54-345B-4F0B-967E-D42530718426}.Release|x64.ActiveCfg = Release|x64
		{A666BE54-345B-4F0B-967E-D42530718426}.Release|x64.Build.0 = Release|x64
	EndGlobalSection
	GlobalSection(SolutionProperties) = preSolution
		HideSolutionNode = FALSE
	EndGlobalSection
	GlobalSection(ExtensibilityGlobals) = postSolution
		SolutionGuid = {79AD39E5-B0C6-4723-BC50-CC0DF29169AE}
	EndGlobalSection
EndGlobal
